// !$*UTF8*$!
{
	archiveVersion = 1;
	classes = {
	};
	objectVersion = 51;
	objects = {

/* Begin PBXBuildFile section */
		13041E911B21930EF3140F7D /* Pods_TimehopChallenge_TimehopChallengeUITests.framework in Frameworks */ = {isa = PBXBuildFile; fileRef = 19E854F0AC08C4957A6C109C /* Pods_TimehopChallenge_TimehopChallengeUITests.framework */; };
		44899D300C7EBFFC5014ED20 /* Pods_TimehopChallenge.framework in Frameworks */ = {isa = PBXBuildFile; fileRef = AD55C5FECCCDC66ADA321977 /* Pods_TimehopChallenge.framework */; };
		EB7E32DD2662807B00B8CC10 /* Splashbase.swift in Sources */ = {isa = PBXBuildFile; fileRef = EB7E32DC2662807B00B8CC10 /* Splashbase.swift */; };
		EB7E32E62662827200B8CC10 /* Decodable+Extension.swift in Sources */ = {isa = PBXBuildFile; fileRef = EB7E32E52662827200B8CC10 /* Decodable+Extension.swift */; };
		EB7E32EC266282D900B8CC10 /* Story.swift in Sources */ = {isa = PBXBuildFile; fileRef = EB7E32EB266282D900B8CC10 /* Story.swift */; };
		EB7E32F82662848E00B8CC10 /* splashbase_mock.json in Resources */ = {isa = PBXBuildFile; fileRef = EB7E32F72662848E00B8CC10 /* splashbase_mock.json */; };
		EB7E32FD26633F5D00B8CC10 /* Repository.swift in Sources */ = {isa = PBXBuildFile; fileRef = EB7E32FC26633F5D00B8CC10 /* Repository.swift */; };
		EB9871402661AC1F0008EF45 /* AppDelegate.swift in Sources */ = {isa = PBXBuildFile; fileRef = EB98713F2661AC1F0008EF45 /* AppDelegate.swift */; };
		EB9871422661AC1F0008EF45 /* SceneDelegate.swift in Sources */ = {isa = PBXBuildFile; fileRef = EB9871412661AC1F0008EF45 /* SceneDelegate.swift */; };
		EB9871442661AC1F0008EF45 /* ViewController.swift in Sources */ = {isa = PBXBuildFile; fileRef = EB9871432661AC1F0008EF45 /* ViewController.swift */; };
		EB9871472661AC1F0008EF45 /* Main.storyboard in Resources */ = {isa = PBXBuildFile; fileRef = EB9871452661AC1F0008EF45 /* Main.storyboard */; };
		EB9871492661AC200008EF45 /* Assets.xcassets in Resources */ = {isa = PBXBuildFile; fileRef = EB9871482661AC200008EF45 /* Assets.xcassets */; };
		EB98714C2661AC200008EF45 /* LaunchScreen.storyboard in Resources */ = {isa = PBXBuildFile; fileRef = EB98714A2661AC200008EF45 /* LaunchScreen.storyboard */; };
		EB9871572661AC200008EF45 /* TimehopChallengeTests.swift in Sources */ = {isa = PBXBuildFile; fileRef = EB9871562661AC200008EF45 /* TimehopChallengeTests.swift */; };
		EB9871622661AC200008EF45 /* TimehopChallengeUITests.swift in Sources */ = {isa = PBXBuildFile; fileRef = EB9871612661AC200008EF45 /* TimehopChallengeUITests.swift */; };
		FF5B37B8E962D2103B83CA52 /* Pods_TimehopChallengeTests.framework in Frameworks */ = {isa = PBXBuildFile; fileRef = 9562D3CFA4492167BF40D0AB /* Pods_TimehopChallengeTests.framework */; };
/* End PBXBuildFile section */

/* Begin PBXContainerItemProxy section */
		EB9871532661AC200008EF45 /* PBXContainerItemProxy */ = {
			isa = PBXContainerItemProxy;
			containerPortal = EB9871342661AC1F0008EF45 /* Project object */;
			proxyType = 1;
			remoteGlobalIDString = EB98713B2661AC1F0008EF45;
			remoteInfo = TimehopChallenge;
		};
		EB98715E2661AC200008EF45 /* PBXContainerItemProxy */ = {
			isa = PBXContainerItemProxy;
			containerPortal = EB9871342661AC1F0008EF45 /* Project object */;
			proxyType = 1;
			remoteGlobalIDString = EB98713B2661AC1F0008EF45;
			remoteInfo = TimehopChallenge;
		};
/* End PBXContainerItemProxy section */

/* Begin PBXFileReference section */
		19E854F0AC08C4957A6C109C /* Pods_TimehopChallenge_TimehopChallengeUITests.framework */ = {isa = PBXFileReference; explicitFileType = wrapper.framework; includeInIndex = 0; path = Pods_TimehopChallenge_TimehopChallengeUITests.framework; sourceTree = BUILT_PRODUCTS_DIR; };
		24C7D5EB79D84288A2D875C7 /* Pods-TimehopChallenge-TimehopChallengeUITests.debug.xcconfig */ = {isa = PBXFileReference; includeInIndex = 1; lastKnownFileType = text.xcconfig; name = "Pods-TimehopChallenge-TimehopChallengeUITests.debug.xcconfig"; path = "Target Support Files/Pods-TimehopChallenge-TimehopChallengeUITests/Pods-TimehopChallenge-TimehopChallengeUITests.debug.xcconfig"; sourceTree = "<group>"; };
		6588D4CF185E67486A1F97CB /* Pods-TimehopChallenge.debug.xcconfig */ = {isa = PBXFileReference; includeInIndex = 1; lastKnownFileType = text.xcconfig; name = "Pods-TimehopChallenge.debug.xcconfig"; path = "Target Support Files/Pods-TimehopChallenge/Pods-TimehopChallenge.debug.xcconfig"; sourceTree = "<group>"; };
		9562D3CFA4492167BF40D0AB /* Pods_TimehopChallengeTests.framework */ = {isa = PBXFileReference; explicitFileType = wrapper.framework; includeInIndex = 0; path = Pods_TimehopChallengeTests.framework; sourceTree = BUILT_PRODUCTS_DIR; };
		AD55C5FECCCDC66ADA321977 /* Pods_TimehopChallenge.framework */ = {isa = PBXFileReference; explicitFileType = wrapper.framework; includeInIndex = 0; path = Pods_TimehopChallenge.framework; sourceTree = BUILT_PRODUCTS_DIR; };
		B2212AD9120F5B2E9B8738B3 /* Pods-TimehopChallenge-TimehopChallengeUITests.release.xcconfig */ = {isa = PBXFileReference; includeInIndex = 1; lastKnownFileType = text.xcconfig; name = "Pods-TimehopChallenge-TimehopChallengeUITests.release.xcconfig"; path = "Target Support Files/Pods-TimehopChallenge-TimehopChallengeUITests/Pods-TimehopChallenge-TimehopChallengeUITests.release.xcconfig"; sourceTree = "<group>"; };
		C6D9D952EAD62479043FCAAA /* Pods-TimehopChallenge.release.xcconfig */ = {isa = PBXFileReference; includeInIndex = 1; lastKnownFileType = text.xcconfig; name = "Pods-TimehopChallenge.release.xcconfig"; path = "Target Support Files/Pods-TimehopChallenge/Pods-TimehopChallenge.release.xcconfig"; sourceTree = "<group>"; };
		D0109D2A359619DC7A544271 /* Pods-TimehopChallengeTests.debug.xcconfig */ = {isa = PBXFileReference; includeInIndex = 1; lastKnownFileType = text.xcconfig; name = "Pods-TimehopChallengeTests.debug.xcconfig"; path = "Target Support Files/Pods-TimehopChallengeTests/Pods-TimehopChallengeTests.debug.xcconfig"; sourceTree = "<group>"; };
		EB7E32DC2662807B00B8CC10 /* Splashbase.swift */ = {isa = PBXFileReference; lastKnownFileType = sourcecode.swift; path = Splashbase.swift; sourceTree = "<group>"; };
		EB7E32E52662827200B8CC10 /* Decodable+Extension.swift */ = {isa = PBXFileReference; lastKnownFileType = sourcecode.swift; path = "Decodable+Extension.swift"; sourceTree = "<group>"; };
		EB7E32EB266282D900B8CC10 /* Story.swift */ = {isa = PBXFileReference; lastKnownFileType = sourcecode.swift; path = Story.swift; sourceTree = "<group>"; };
		EB7E32F72662848E00B8CC10 /* splashbase_mock.json */ = {isa = PBXFileReference; fileEncoding = 4; lastKnownFileType = text.json; path = splashbase_mock.json; sourceTree = "<group>"; };
		EB7E32FC26633F5D00B8CC10 /* Repository.swift */ = {isa = PBXFileReference; lastKnownFileType = sourcecode.swift; path = Repository.swift; sourceTree = "<group>"; };
		EB98713C2661AC1F0008EF45 /* TimehopChallenge.app */ = {isa = PBXFileReference; explicitFileType = wrapper.application; includeInIndex = 0; path = TimehopChallenge.app; sourceTree = BUILT_PRODUCTS_DIR; };
		EB98713F2661AC1F0008EF45 /* AppDelegate.swift */ = {isa = PBXFileReference; lastKnownFileType = sourcecode.swift; path = AppDelegate.swift; sourceTree = "<group>"; };
		EB9871412661AC1F0008EF45 /* SceneDelegate.swift */ = {isa = PBXFileReference; lastKnownFileType = sourcecode.swift; path = SceneDelegate.swift; sourceTree = "<group>"; };
		EB9871432661AC1F0008EF45 /* ViewController.swift */ = {isa = PBXFileReference; lastKnownFileType = sourcecode.swift; path = ViewController.swift; sourceTree = "<group>"; };
		EB9871462661AC1F0008EF45 /* Base */ = {isa = PBXFileReference; lastKnownFileType = file.storyboard; name = Base; path = Base.lproj/Main.storyboard; sourceTree = "<group>"; };
		EB9871482661AC200008EF45 /* Assets.xcassets */ = {isa = PBXFileReference; lastKnownFileType = folder.assetcatalog; path = Assets.xcassets; sourceTree = "<group>"; };
		EB98714B2661AC200008EF45 /* Base */ = {isa = PBXFileReference; lastKnownFileType = file.storyboard; name = Base; path = Base.lproj/LaunchScreen.storyboard; sourceTree = "<group>"; };
		EB98714D2661AC200008EF45 /* Info.plist */ = {isa = PBXFileReference; lastKnownFileType = text.plist.xml; path = Info.plist; sourceTree = "<group>"; };
		EB9871522661AC200008EF45 /* TimehopChallengeTests.xctest */ = {isa = PBXFileReference; explicitFileType = wrapper.cfbundle; includeInIndex = 0; path = TimehopChallengeTests.xctest; sourceTree = BUILT_PRODUCTS_DIR; };
		EB9871562661AC200008EF45 /* TimehopChallengeTests.swift */ = {isa = PBXFileReference; lastKnownFileType = sourcecode.swift; path = TimehopChallengeTests.swift; sourceTree = "<group>"; };
		EB9871582661AC200008EF45 /* Info.plist */ = {isa = PBXFileReference; lastKnownFileType = text.plist.xml; path = Info.plist; sourceTree = "<group>"; };
		EB98715D2661AC200008EF45 /* TimehopChallengeUITests.xctest */ = {isa = PBXFileReference; explicitFileType = wrapper.cfbundle; includeInIndex = 0; path = TimehopChallengeUITests.xctest; sourceTree = BUILT_PRODUCTS_DIR; };
		EB9871612661AC200008EF45 /* TimehopChallengeUITests.swift */ = {isa = PBXFileReference; lastKnownFileType = sourcecode.swift; path = TimehopChallengeUITests.swift; sourceTree = "<group>"; };
		EB9871632661AC200008EF45 /* Info.plist */ = {isa = PBXFileReference; lastKnownFileType = text.plist.xml; path = Info.plist; sourceTree = "<group>"; };
		F9DD1992977F19CD1B8D554A /* Pods-TimehopChallengeTests.release.xcconfig */ = {isa = PBXFileReference; includeInIndex = 1; lastKnownFileType = text.xcconfig; name = "Pods-TimehopChallengeTests.release.xcconfig"; path = "Target Support Files/Pods-TimehopChallengeTests/Pods-TimehopChallengeTests.release.xcconfig"; sourceTree = "<group>"; };
/* End PBXFileReference section */

/* Begin PBXFrameworksBuildPhase section */
		EB9871392661AC1F0008EF45 /* Frameworks */ = {
			isa = PBXFrameworksBuildPhase;
			buildActionMask = 2147483647;
			files = (
				44899D300C7EBFFC5014ED20 /* Pods_TimehopChallenge.framework in Frameworks */,
			);
			runOnlyForDeploymentPostprocessing = 0;
		};
		EB98714F2661AC200008EF45 /* Frameworks */ = {
			isa = PBXFrameworksBuildPhase;
			buildActionMask = 2147483647;
			files = (
				FF5B37B8E962D2103B83CA52 /* Pods_TimehopChallengeTests.framework in Frameworks */,
			);
			runOnlyForDeploymentPostprocessing = 0;
		};
		EB98715A2661AC200008EF45 /* Frameworks */ = {
			isa = PBXFrameworksBuildPhase;
			buildActionMask = 2147483647;
			files = (
				13041E911B21930EF3140F7D /* Pods_TimehopChallenge_TimehopChallengeUITests.framework in Frameworks */,
			);
			runOnlyForDeploymentPostprocessing = 0;
		};
/* End PBXFrameworksBuildPhase section */

/* Begin PBXGroup section */
		062071B0B2B690845CCF8D72 /* Pods */ = {
			isa = PBXGroup;
			children = (
				6588D4CF185E67486A1F97CB /* Pods-TimehopChallenge.debug.xcconfig */,
				C6D9D952EAD62479043FCAAA /* Pods-TimehopChallenge.release.xcconfig */,
				24C7D5EB79D84288A2D875C7 /* Pods-TimehopChallenge-TimehopChallengeUITests.debug.xcconfig */,
				B2212AD9120F5B2E9B8738B3 /* Pods-TimehopChallenge-TimehopChallengeUITests.release.xcconfig */,
				D0109D2A359619DC7A544271 /* Pods-TimehopChallengeTests.debug.xcconfig */,
				F9DD1992977F19CD1B8D554A /* Pods-TimehopChallengeTests.release.xcconfig */,
			);
			path = Pods;
			sourceTree = "<group>";
		};
		658689EDC7286AAB860806D2 /* Frameworks */ = {
			isa = PBXGroup;
			children = (
				AD55C5FECCCDC66ADA321977 /* Pods_TimehopChallenge.framework */,
				19E854F0AC08C4957A6C109C /* Pods_TimehopChallenge_TimehopChallengeUITests.framework */,
				9562D3CFA4492167BF40D0AB /* Pods_TimehopChallengeTests.framework */,
			);
			name = Frameworks;
			sourceTree = "<group>";
		};
		EB7E32DB2662802300B8CC10 /* Repository */ = {
			isa = PBXGroup;
			children = (
				EB7E32DC2662807B00B8CC10 /* Splashbase.swift */,
				EB7E32FC26633F5D00B8CC10 /* Repository.swift */,
			);
			path = Repository;
			sourceTree = "<group>";
		};
		EB7E32E42662825D00B8CC10 /* Util */ = {
			isa = PBXGroup;
			children = (
				EB7E32E52662827200B8CC10 /* Decodable+Extension.swift */,
			);
			path = Util;
			sourceTree = "<group>";
		};
		EB7E32EA2662829600B8CC10 /* Model */ = {
			isa = PBXGroup;
			children = (
				EB7E32EB266282D900B8CC10 /* Story.swift */,
			);
			path = Model;
			sourceTree = "<group>";
		};
		EB7E32F32662845400B8CC10 /* Mock */ = {
			isa = PBXGroup;
			children = (
				EB7E32F72662848E00B8CC10 /* splashbase_mock.json */,
			);
			path = Mock;
			sourceTree = "<group>";
		};
		EB9871332661AC1F0008EF45 = {
			isa = PBXGroup;
			children = (
				EB98713E2661AC1F0008EF45 /* TimehopChallenge */,
				EB9871552661AC200008EF45 /* TimehopChallengeTests */,
				EB9871602661AC200008EF45 /* TimehopChallengeUITests */,
				EB98713D2661AC1F0008EF45 /* Products */,
				062071B0B2B690845CCF8D72 /* Pods */,
				658689EDC7286AAB860806D2 /* Frameworks */,
			);
			sourceTree = "<group>";
		};
		EB98713D2661AC1F0008EF45 /* Products */ = {
			isa = PBXGroup;
			children = (
				EB98713C2661AC1F0008EF45 /* TimehopChallenge.app */,
				EB9871522661AC200008EF45 /* TimehopChallengeTests.xctest */,
				EB98715D2661AC200008EF45 /* TimehopChallengeUITests.xctest */,
			);
			name = Products;
			sourceTree = "<group>";
		};
		EB98713E2661AC1F0008EF45 /* TimehopChallenge */ = {
			isa = PBXGroup;
			children = (
				EB7E32F32662845400B8CC10 /* Mock */,
				EB7E32EA2662829600B8CC10 /* Model */,
				EB7E32E42662825D00B8CC10 /* Util */,
				EB7E32DB2662802300B8CC10 /* Repository */,
				EB98713F2661AC1F0008EF45 /* AppDelegate.swift */,
				EB9871412661AC1F0008EF45 /* SceneDelegate.swift */,
				EB9871432661AC1F0008EF45 /* ViewController.swift */,
				EB9871452661AC1F0008EF45 /* Main.storyboard */,
				EB9871482661AC200008EF45 /* Assets.xcassets */,
				EB98714A2661AC200008EF45 /* LaunchScreen.storyboard */,
				EB98714D2661AC200008EF45 /* Info.plist */,
			);
			path = TimehopChallenge;
			sourceTree = "<group>";
		};
		EB9871552661AC200008EF45 /* TimehopChallengeTests */ = {
			isa = PBXGroup;
			children = (
				EB9871562661AC200008EF45 /* TimehopChallengeTests.swift */,
				EB9871582661AC200008EF45 /* Info.plist */,
			);
			path = TimehopChallengeTests;
			sourceTree = "<group>";
		};
		EB9871602661AC200008EF45 /* TimehopChallengeUITests */ = {
			isa = PBXGroup;
			children = (
				EB9871612661AC200008EF45 /* TimehopChallengeUITests.swift */,
				EB9871632661AC200008EF45 /* Info.plist */,
			);
			path = TimehopChallengeUITests;
			sourceTree = "<group>";
		};
/* End PBXGroup section */

/* Begin PBXNativeTarget section */
		EB98713B2661AC1F0008EF45 /* TimehopChallenge */ = {
			isa = PBXNativeTarget;
			buildConfigurationList = EB9871662661AC200008EF45 /* Build configuration list for PBXNativeTarget "TimehopChallenge" */;
			buildPhases = (
				2D1421C27D53FCDF15610639 /* [CP] Check Pods Manifest.lock */,
				EB9871382661AC1F0008EF45 /* Sources */,
				EB9871392661AC1F0008EF45 /* Frameworks */,
				EB98713A2661AC1F0008EF45 /* Resources */,
				F61303158A116DC4A2D8444A /* [CP] Embed Pods Frameworks */,
			);
			buildRules = (
			);
			dependencies = (
			);
			name = TimehopChallenge;
			productName = TimehopChallenge;
			productReference = EB98713C2661AC1F0008EF45 /* TimehopChallenge.app */;
			productType = "com.apple.product-type.application";
		};
		EB9871512661AC200008EF45 /* TimehopChallengeTests */ = {
			isa = PBXNativeTarget;
			buildConfigurationList = EB9871692661AC200008EF45 /* Build configuration list for PBXNativeTarget "TimehopChallengeTests" */;
			buildPhases = (
				2846773471D858E9756CFB4A /* [CP] Check Pods Manifest.lock */,
				EB98714E2661AC200008EF45 /* Sources */,
				EB98714F2661AC200008EF45 /* Frameworks */,
				EB9871502661AC200008EF45 /* Resources */,
				1372CDA670CD1864E7C075EB /* [CP] Embed Pods Frameworks */,
			);
			buildRules = (
			);
			dependencies = (
				EB9871542661AC200008EF45 /* PBXTargetDependency */,
			);
			name = TimehopChallengeTests;
			productName = TimehopChallengeTests;
			productReference = EB9871522661AC200008EF45 /* TimehopChallengeTests.xctest */;
			productType = "com.apple.product-type.bundle.unit-test";
		};
		EB98715C2661AC200008EF45 /* TimehopChallengeUITests */ = {
			isa = PBXNativeTarget;
			buildConfigurationList = EB98716C2661AC200008EF45 /* Build configuration list for PBXNativeTarget "TimehopChallengeUITests" */;
			buildPhases = (
				17B75E6EB6E5140814CE7467 /* [CP] Check Pods Manifest.lock */,
				EB9871592661AC200008EF45 /* Sources */,
				EB98715A2661AC200008EF45 /* Frameworks */,
				EB98715B2661AC200008EF45 /* Resources */,
				CEF3197B65CEB3C2B3270E68 /* [CP] Embed Pods Frameworks */,
			);
			buildRules = (
			);
			dependencies = (
				EB98715F2661AC200008EF45 /* PBXTargetDependency */,
			);
			name = TimehopChallengeUITests;
			productName = TimehopChallengeUITests;
			productReference = EB98715D2661AC200008EF45 /* TimehopChallengeUITests.xctest */;
			productType = "com.apple.product-type.bundle.ui-testing";
		};
/* End PBXNativeTarget section */

/* Begin PBXProject section */
		EB9871342661AC1F0008EF45 /* Project object */ = {
			isa = PBXProject;
			attributes = {
				LastSwiftUpdateCheck = 1230;
				LastUpgradeCheck = 1230;
				TargetAttributes = {
					EB98713B2661AC1F0008EF45 = {
						CreatedOnToolsVersion = 12.3;
					};
					EB9871512661AC200008EF45 = {
						CreatedOnToolsVersion = 12.3;
						TestTargetID = EB98713B2661AC1F0008EF45;
					};
					EB98715C2661AC200008EF45 = {
						CreatedOnToolsVersion = 12.3;
						TestTargetID = EB98713B2661AC1F0008EF45;
					};
				};
			};
			buildConfigurationList = EB9871372661AC1F0008EF45 /* Build configuration list for PBXProject "TimehopChallenge" */;
			compatibilityVersion = "Xcode 9.3";
			developmentRegion = en;
			hasScannedForEncodings = 0;
			knownRegions = (
				en,
				Base,
			);
			mainGroup = EB9871332661AC1F0008EF45;
			productRefGroup = EB98713D2661AC1F0008EF45 /* Products */;
			projectDirPath = "";
			projectRoot = "";
			targets = (
				EB98713B2661AC1F0008EF45 /* TimehopChallenge */,
				EB9871512661AC200008EF45 /* TimehopChallengeTests */,
				EB98715C2661AC200008EF45 /* TimehopChallengeUITests */,
			);
		};
/* End PBXProject section */

/* Begin PBXResourcesBuildPhase section */
		EB98713A2661AC1F0008EF45 /* Resources */ = {
			isa = PBXResourcesBuildPhase;
			buildActionMask = 2147483647;
			files = (
				EB98714C2661AC200008EF45 /* LaunchScreen.storyboard in Resources */,
				EB9871492661AC200008EF45 /* Assets.xcassets in Resources */,
				EB9871472661AC1F0008EF45 /* Main.storyboard in Resources */,
				EB7E32F82662848E00B8CC10 /* splashbase_mock.json in Resources */,
			);
			runOnlyForDeploymentPostprocessing = 0;
		};
		EB9871502661AC200008EF45 /* Resources */ = {
			isa = PBXResourcesBuildPhase;
			buildActionMask = 2147483647;
			files = (
			);
			runOnlyForDeploymentPostprocessing = 0;
		};
		EB98715B2661AC200008EF45 /* Resources */ = {
			isa = PBXResourcesBuildPhase;
			buildActionMask = 2147483647;
			files = (
			);
			runOnlyForDeploymentPostprocessing = 0;
		};
/* End PBXResourcesBuildPhase section */

/* Begin PBXShellScriptBuildPhase section */
		1372CDA670CD1864E7C075EB /* [CP] Embed Pods Frameworks */ = {
			isa = PBXShellScriptBuildPhase;
			buildActionMask = 2147483647;
			files = (
			);
			inputFileListPaths = (
				"${PODS_ROOT}/Target Support Files/Pods-TimehopChallengeTests/Pods-TimehopChallengeTests-frameworks-${CONFIGURATION}-input-files.xcfilelist",
			);
			name = "[CP] Embed Pods Frameworks";
			outputFileListPaths = (
				"${PODS_ROOT}/Target Support Files/Pods-TimehopChallengeTests/Pods-TimehopChallengeTests-frameworks-${CONFIGURATION}-output-files.xcfilelist",
			);
			runOnlyForDeploymentPostprocessing = 0;
			shellPath = /bin/sh;
			shellScript = "\"${PODS_ROOT}/Target Support Files/Pods-TimehopChallengeTests/Pods-TimehopChallengeTests-frameworks.sh\"\n";
			showEnvVarsInLog = 0;
		};
		17B75E6EB6E5140814CE7467 /* [CP] Check Pods Manifest.lock */ = {
			isa = PBXShellScriptBuildPhase;
			buildActionMask = 2147483647;
			files = (
			);
			inputFileListPaths = (
			);
			inputPaths = (
				"${PODS_PODFILE_DIR_PATH}/Podfile.lock",
				"${PODS_ROOT}/Manifest.lock",
			);
			name = "[CP] Check Pods Manifest.lock";
			outputFileListPaths = (
			);
			outputPaths = (
				"$(DERIVED_FILE_DIR)/Pods-TimehopChallenge-TimehopChallengeUITests-checkManifestLockResult.txt",
			);
			runOnlyForDeploymentPostprocessing = 0;
			shellPath = /bin/sh;
			shellScript = "diff \"${PODS_PODFILE_DIR_PATH}/Podfile.lock\" \"${PODS_ROOT}/Manifest.lock\" > /dev/null\nif [ $? != 0 ] ; then\n    # print error to STDERR\n    echo \"error: The sandbox is not in sync with the Podfile.lock. Run 'pod install' or update your CocoaPods installation.\" >&2\n    exit 1\nfi\n# This output is used by Xcode 'outputs' to avoid re-running this script phase.\necho \"SUCCESS\" > \"${SCRIPT_OUTPUT_FILE_0}\"\n";
			showEnvVarsInLog = 0;
		};
		2846773471D858E9756CFB4A /* [CP] Check Pods Manifest.lock */ = {
			isa = PBXShellScriptBuildPhase;
			buildActionMask = 2147483647;
			files = (
			);
			inputFileListPaths = (
			);
			inputPaths = (
				"${PODS_PODFILE_DIR_PATH}/Podfile.lock",
				"${PODS_ROOT}/Manifest.lock",
			);
			name = "[CP] Check Pods Manifest.lock";
			outputFileListPaths = (
			);
			outputPaths = (
				"$(DERIVED_FILE_DIR)/Pods-TimehopChallengeTests-checkManifestLockResult.txt",
			);
			runOnlyForDeploymentPostprocessing = 0;
			shellPath = /bin/sh;
			shellScript = "diff \"${PODS_PODFILE_DIR_PATH}/Podfile.lock\" \"${PODS_ROOT}/Manifest.lock\" > /dev/null\nif [ $? != 0 ] ; then\n    # print error to STDERR\n    echo \"error: The sandbox is not in sync with the Podfile.lock. Run 'pod install' or update your CocoaPods installation.\" >&2\n    exit 1\nfi\n# This output is used by Xcode 'outputs' to avoid re-running this script phase.\necho \"SUCCESS\" > \"${SCRIPT_OUTPUT_FILE_0}\"\n";
			showEnvVarsInLog = 0;
		};
		2D1421C27D53FCDF15610639 /* [CP] Check Pods Manifest.lock */ = {
			isa = PBXShellScriptBuildPhase;
			buildActionMask = 2147483647;
			files = (
			);
			inputFileListPaths = (
			);
			inputPaths = (
				"${PODS_PODFILE_DIR_PATH}/Podfile.lock",
				"${PODS_ROOT}/Manifest.lock",
			);
			name = "[CP] Check Pods Manifest.lock";
			outputFileListPaths = (
			);
			outputPaths = (
				"$(DERIVED_FILE_DIR)/Pods-TimehopChallenge-checkManifestLockResult.txt",
			);
			runOnlyForDeploymentPostprocessing = 0;
			shellPath = /bin/sh;
			shellScript = "diff \"${PODS_PODFILE_DIR_PATH}/Podfile.lock\" \"${PODS_ROOT}/Manifest.lock\" > /dev/null\nif [ $? != 0 ] ; then\n    # print error to STDERR\n    echo \"error: The sandbox is not in sync with the Podfile.lock. Run 'pod install' or update your CocoaPods installation.\" >&2\n    exit 1\nfi\n# This output is used by Xcode 'outputs' to avoid re-running this script phase.\necho \"SUCCESS\" > \"${SCRIPT_OUTPUT_FILE_0}\"\n";
			showEnvVarsInLog = 0;
		};
		CEF3197B65CEB3C2B3270E68 /* [CP] Embed Pods Frameworks */ = {
			isa = PBXShellScriptBuildPhase;
			buildActionMask = 2147483647;
			files = (
			);
			inputFileListPaths = (
				"${PODS_ROOT}/Target Support Files/Pods-TimehopChallenge-TimehopChallengeUITests/Pods-TimehopChallenge-TimehopChallengeUITests-frameworks-${CONFIGURATION}-input-files.xcfilelist",
			);
			name = "[CP] Embed Pods Frameworks";
			outputFileListPaths = (
				"${PODS_ROOT}/Target Support Files/Pods-TimehopChallenge-TimehopChallengeUITests/Pods-TimehopChallenge-TimehopChallengeUITests-frameworks-${CONFIGURATION}-output-files.xcfilelist",
			);
			runOnlyForDeploymentPostprocessing = 0;
			shellPath = /bin/sh;
			shellScript = "\"${PODS_ROOT}/Target Support Files/Pods-TimehopChallenge-TimehopChallengeUITests/Pods-TimehopChallenge-TimehopChallengeUITests-frameworks.sh\"\n";
			showEnvVarsInLog = 0;
		};
		F61303158A116DC4A2D8444A /* [CP] Embed Pods Frameworks */ = {
			isa = PBXShellScriptBuildPhase;
			buildActionMask = 2147483647;
			files = (
			);
			inputFileListPaths = (
				"${PODS_ROOT}/Target Support Files/Pods-TimehopChallenge/Pods-TimehopChallenge-frameworks-${CONFIGURATION}-input-files.xcfilelist",
			);
			name = "[CP] Embed Pods Frameworks";
			outputFileListPaths = (
				"${PODS_ROOT}/Target Support Files/Pods-TimehopChallenge/Pods-TimehopChallenge-frameworks-${CONFIGURATION}-output-files.xcfilelist",
			);
			runOnlyForDeploymentPostprocessing = 0;
			shellPath = /bin/sh;
			shellScript = "\"${PODS_ROOT}/Target Support Files/Pods-TimehopChallenge/Pods-TimehopChallenge-frameworks.sh\"\n";
			showEnvVarsInLog = 0;
		};
/* End PBXShellScriptBuildPhase section */

/* Begin PBXSourcesBuildPhase section */
		EB9871382661AC1F0008EF45 /* Sources */ = {
			isa = PBXSourcesBuildPhase;
			buildActionMask = 2147483647;
			files = (
				EB9871442661AC1F0008EF45 /* ViewController.swift in Sources */,
				EB9871402661AC1F0008EF45 /* AppDelegate.swift in Sources */,
				EB7E32FD26633F5D00B8CC10 /* Repository.swift in Sources */,
				EB7E32DD2662807B00B8CC10 /* Splashbase.swift in Sources */,
				EB7E32EC266282D900B8CC10 /* Story.swift in Sources */,
				EB7E32E62662827200B8CC10 /* Decodable+Extension.swift in Sources */,
				EB9871422661AC1F0008EF45 /* SceneDelegate.swift in Sources */,
			);
			runOnlyForDeploymentPostprocessing = 0;
		};
		EB98714E2661AC200008EF45 /* Sources */ = {
			isa = PBXSourcesBuildPhase;
			buildActionMask = 2147483647;
			files = (
				EB9871572661AC200008EF45 /* TimehopChallengeTests.swift in Sources */,
			);
			runOnlyForDeploymentPostprocessing = 0;
		};
		EB9871592661AC200008EF45 /* Sources */ = {
			isa = PBXSourcesBuildPhase;
			buildActionMask = 2147483647;
			files = (
				EB9871622661AC200008EF45 /* TimehopChallengeUITests.swift in Sources */,
			);
			runOnlyForDeploymentPostprocessing = 0;
		};
/* End PBXSourcesBuildPhase section */

/* Begin PBXTargetDependency section */
		EB9871542661AC200008EF45 /* PBXTargetDependency */ = {
			isa = PBXTargetDependency;
			target = EB98713B2661AC1F0008EF45 /* TimehopChallenge */;
			targetProxy = EB9871532661AC200008EF45 /* PBXContainerItemProxy */;
		};
		EB98715F2661AC200008EF45 /* PBXTargetDependency */ = {
			isa = PBXTargetDependency;
			target = EB98713B2661AC1F0008EF45 /* TimehopChallenge */;
			targetProxy = EB98715E2661AC200008EF45 /* PBXContainerItemProxy */;
		};
/* End PBXTargetDependency section */

/* Begin PBXVariantGroup section */
		EB9871452661AC1F0008EF45 /* Main.storyboard */ = {
			isa = PBXVariantGroup;
			children = (
				EB9871462661AC1F0008EF45 /* Base */,
			);
			name = Main.storyboard;
			sourceTree = "<group>";
		};
		EB98714A2661AC200008EF45 /* LaunchScreen.storyboard */ = {
			isa = PBXVariantGroup;
			children = (
				EB98714B2661AC200008EF45 /* Base */,
			);
			name = LaunchScreen.storyboard;
			sourceTree = "<group>";
		};
/* End PBXVariantGroup section */

/* Begin XCBuildConfiguration section */
		EB9871642661AC200008EF45 /* Debug */ = {
			isa = XCBuildConfiguration;
			buildSettings = {
				ALWAYS_SEARCH_USER_PATHS = NO;
				CLANG_ANALYZER_NONNULL = YES;
				CLANG_ANALYZER_NUMBER_OBJECT_CONVERSION = YES_AGGRESSIVE;
				CLANG_CXX_LANGUAGE_STANDARD = "gnu++14";
				CLANG_CXX_LIBRARY = "libc++";
				CLANG_ENABLE_MODULES = YES;
				CLANG_ENABLE_OBJC_ARC = YES;
				CLANG_ENABLE_OBJC_WEAK = YES;
				CLANG_WARN_BLOCK_CAPTURE_AUTORELEASING = YES;
				CLANG_WARN_BOOL_CONVERSION = YES;
				CLANG_WARN_COMMA = YES;
				CLANG_WARN_CONSTANT_CONVERSION = YES;
				CLANG_WARN_DEPRECATED_OBJC_IMPLEMENTATIONS = YES;
				CLANG_WARN_DIRECT_OBJC_ISA_USAGE = YES_ERROR;
				CLANG_WARN_DOCUMENTATION_COMMENTS = YES;
				CLANG_WARN_EMPTY_BODY = YES;
				CLANG_WARN_ENUM_CONVERSION = YES;
				CLANG_WARN_INFINITE_RECURSION = YES;
				CLANG_WARN_INT_CONVERSION = YES;
				CLANG_WARN_NON_LITERAL_NULL_CONVERSION = YES;
				CLANG_WARN_OBJC_IMPLICIT_RETAIN_SELF = YES;
				CLANG_WARN_OBJC_LITERAL_CONVERSION = YES;
				CLANG_WARN_OBJC_ROOT_CLASS = YES_ERROR;
				CLANG_WARN_QUOTED_INCLUDE_IN_FRAMEWORK_HEADER = YES;
				CLANG_WARN_RANGE_LOOP_ANALYSIS = YES;
				CLANG_WARN_STRICT_PROTOTYPES = YES;
				CLANG_WARN_SUSPICIOUS_MOVE = YES;
				CLANG_WARN_UNGUARDED_AVAILABILITY = YES_AGGRESSIVE;
				CLANG_WARN_UNREACHABLE_CODE = YES;
				CLANG_WARN__DUPLICATE_METHOD_MATCH = YES;
				COPY_PHASE_STRIP = NO;
				DEBUG_INFORMATION_FORMAT = dwarf;
				ENABLE_STRICT_OBJC_MSGSEND = YES;
				ENABLE_TESTABILITY = YES;
				GCC_C_LANGUAGE_STANDARD = gnu11;
				GCC_DYNAMIC_NO_PIC = NO;
				GCC_NO_COMMON_BLOCKS = YES;
				GCC_OPTIMIZATION_LEVEL = 0;
				GCC_PREPROCESSOR_DEFINITIONS = (
					"DEBUG=1",
					"$(inherited)",
				);
				GCC_WARN_64_TO_32_BIT_CONVERSION = YES;
				GCC_WARN_ABOUT_RETURN_TYPE = YES_ERROR;
				GCC_WARN_UNDECLARED_SELECTOR = YES;
				GCC_WARN_UNINITIALIZED_AUTOS = YES_AGGRESSIVE;
				GCC_WARN_UNUSED_FUNCTION = YES;
				GCC_WARN_UNUSED_VARIABLE = YES;
				IPHONEOS_DEPLOYMENT_TARGET = 14.0;
				MTL_ENABLE_DEBUG_INFO = INCLUDE_SOURCE;
				MTL_FAST_MATH = YES;
				ONLY_ACTIVE_ARCH = YES;
				SDKROOT = iphoneos;
				SWIFT_ACTIVE_COMPILATION_CONDITIONS = DEBUG;
				SWIFT_OPTIMIZATION_LEVEL = "-Onone";
			};
			name = Debug;
		};
		EB9871652661AC200008EF45 /* Release */ = {
			isa = XCBuildConfiguration;
			buildSettings = {
				ALWAYS_SEARCH_USER_PATHS = NO;
				CLANG_ANALYZER_NONNULL = YES;
				CLANG_ANALYZER_NUMBER_OBJECT_CONVERSION = YES_AGGRESSIVE;
				CLANG_CXX_LANGUAGE_STANDARD = "gnu++14";
				CLANG_CXX_LIBRARY = "libc++";
				CLANG_ENABLE_MODULES = YES;
				CLANG_ENABLE_OBJC_ARC = YES;
				CLANG_ENABLE_OBJC_WEAK = YES;
				CLANG_WARN_BLOCK_CAPTURE_AUTORELEASING = YES;
				CLANG_WARN_BOOL_CONVERSION = YES;
				CLANG_WARN_COMMA = YES;
				CLANG_WARN_CONSTANT_CONVERSION = YES;
				CLANG_WARN_DEPRECATED_OBJC_IMPLEMENTATIONS = YES;
				CLANG_WARN_DIRECT_OBJC_ISA_USAGE = YES_ERROR;
				CLANG_WARN_DOCUMENTATION_COMMENTS = YES;
				CLANG_WARN_EMPTY_BODY = YES;
				CLANG_WARN_ENUM_CONVERSION = YES;
				CLANG_WARN_INFINITE_RECURSION = YES;
				CLANG_WARN_INT_CONVERSION = YES;
				CLANG_WARN_NON_LITERAL_NULL_CONVERSION = YES;
				CLANG_WARN_OBJC_IMPLICIT_RETAIN_SELF = YES;
				CLANG_WARN_OBJC_LITERAL_CONVERSION = YES;
				CLANG_WARN_OBJC_ROOT_CLASS = YES_ERROR;
				CLANG_WARN_QUOTED_INCLUDE_IN_FRAMEWORK_HEADER = YES;
				CLANG_WARN_RANGE_LOOP_ANALYSIS = YES;
				CLANG_WARN_STRICT_PROTOTYPES = YES;
				CLANG_WARN_SUSPICIOUS_MOVE = YES;
				CLANG_WARN_UNGUARDED_AVAILABILITY = YES_AGGRESSIVE;
				CLANG_WARN_UNREACHABLE_CODE = YES;
				CLANG_WARN__DUPLICATE_METHOD_MATCH = YES;
				COPY_PHASE_STRIP = NO;
				DEBUG_INFORMATION_FORMAT = "dwarf-with-dsym";
				ENABLE_NS_ASSERTIONS = NO;
				ENABLE_STRICT_OBJC_MSGSEND = YES;
				GCC_C_LANGUAGE_STANDARD = gnu11;
				GCC_NO_COMMON_BLOCKS = YES;
				GCC_WARN_64_TO_32_BIT_CONVERSION = YES;
				GCC_WARN_ABOUT_RETURN_TYPE = YES_ERROR;
				GCC_WARN_UNDECLARED_SELECTOR = YES;
				GCC_WARN_UNINITIALIZED_AUTOS = YES_AGGRESSIVE;
				GCC_WARN_UNUSED_FUNCTION = YES;
				GCC_WARN_UNUSED_VARIABLE = YES;
				IPHONEOS_DEPLOYMENT_TARGET = 14.0;
				MTL_ENABLE_DEBUG_INFO = NO;
				MTL_FAST_MATH = YES;
				SDKROOT = iphoneos;
				SWIFT_COMPILATION_MODE = wholemodule;
				SWIFT_OPTIMIZATION_LEVEL = "-O";
				VALIDATE_PRODUCT = YES;
			};
			name = Release;
		};
		EB9871672661AC200008EF45 /* Debug */ = {
			isa = XCBuildConfiguration;
			baseConfigurationReference = 6588D4CF185E67486A1F97CB /* Pods-TimehopChallenge.debug.xcconfig */;
			buildSettings = {
				ASSETCATALOG_COMPILER_APPICON_NAME = AppIcon;
				ASSETCATALOG_COMPILER_GLOBAL_ACCENT_COLOR_NAME = AccentColor;
				CODE_SIGN_STYLE = Automatic;
				DEVELOPMENT_TEAM = AMWCLA9HG3;
				INFOPLIST_FILE = TimehopChallenge/Info.plist;
				LD_RUNPATH_SEARCH_PATHS = (
					"$(inherited)",
					"@executable_path/Frameworks",
				);
				PRODUCT_BUNDLE_IDENTIFIER = kalivos.TimehopChallenge;
				PRODUCT_NAME = "$(TARGET_NAME)";
				SWIFT_VERSION = 5.0;
				TARGETED_DEVICE_FAMILY = "1,2";
			};
			name = Debug;
		};
		EB9871682661AC200008EF45 /* Release */ = {
			isa = XCBuildConfiguration;
			baseConfigurationReference = C6D9D952EAD62479043FCAAA /* Pods-TimehopChallenge.release.xcconfig */;
			buildSettings = {
				ASSETCATALOG_COMPILER_APPICON_NAME = AppIcon;
				ASSETCATALOG_COMPILER_GLOBAL_ACCENT_COLOR_NAME = AccentColor;
				CODE_SIGN_STYLE = Automatic;
				DEVELOPMENT_TEAM = AMWCLA9HG3;
				INFOPLIST_FILE = TimehopChallenge/Info.plist;
				LD_RUNPATH_SEARCH_PATHS = (
					"$(inherited)",
					"@executable_path/Frameworks",
				);
				PRODUCT_BUNDLE_IDENTIFIER = kalivos.TimehopChallenge;
				PRODUCT_NAME = "$(TARGET_NAME)";
				SWIFT_VERSION = 5.0;
				TARGETED_DEVICE_FAMILY = "1,2";
			};
			name = Release;
		};
		EB98716A2661AC200008EF45 /* Debug */ = {
			isa = XCBuildConfiguration;
			baseConfigurationReference = D0109D2A359619DC7A544271 /* Pods-TimehopChallengeTests.debug.xcconfig */;
			buildSettings = {
				ALWAYS_EMBED_SWIFT_STANDARD_LIBRARIES = YES;
				BUNDLE_LOADER = "$(TEST_HOST)";
				CODE_SIGN_STYLE = Automatic;
				DEVELOPMENT_TEAM = AMWCLA9HG3;
				INFOPLIST_FILE = TimehopChallengeTests/Info.plist;
				IPHONEOS_DEPLOYMENT_TARGET = 14.0;
				LD_RUNPATH_SEARCH_PATHS = (
					"$(inherited)",
					"@executable_path/Frameworks",
					"@loader_path/Frameworks",
				);
				PRODUCT_BUNDLE_IDENTIFIER = kalivos.TimehopChallengeTests;
				PRODUCT_NAME = "$(TARGET_NAME)";
				SWIFT_VERSION = 5.0;
				TARGETED_DEVICE_FAMILY = "1,2";
				TEST_HOST = "$(BUILT_PRODUCTS_DIR)/TimehopChallenge.app/TimehopChallenge";
			};
			name = Debug;
		};
		EB98716B2661AC200008EF45 /* Release */ = {
			isa = XCBuildConfiguration;
			baseConfigurationReference = F9DD1992977F19CD1B8D554A /* Pods-TimehopChallengeTests.release.xcconfig */;
			buildSettings = {
				ALWAYS_EMBED_SWIFT_STANDARD_LIBRARIES = YES;
				BUNDLE_LOADER = "$(TEST_HOST)";
				CODE_SIGN_STYLE = Automatic;
				DEVELOPMENT_TEAM = AMWCLA9HG3;
				INFOPLIST_FILE = TimehopChallengeTests/Info.plist;
				IPHONEOS_DEPLOYMENT_TARGET = 14.0;
				LD_RUNPATH_SEARCH_PATHS = (
					"$(inherited)",
					"@executable_path/Frameworks",
					"@loader_path/Frameworks",
				);
				PRODUCT_BUNDLE_IDENTIFIER = kalivos.TimehopChallengeTests;
				PRODUCT_NAME = "$(TARGET_NAME)";
				SWIFT_VERSION = 5.0;
				TARGETED_DEVICE_FAMILY = "1,2";
				TEST_HOST = "$(BUILT_PRODUCTS_DIR)/TimehopChallenge.app/TimehopChallenge";
			};
			name = Release;
		};
		EB98716D2661AC200008EF45 /* Debug */ = {
			isa = XCBuildConfiguration;
			baseConfigurationReference = 24C7D5EB79D84288A2D875C7 /* Pods-TimehopChallenge-TimehopChallengeUITests.debug.xcconfig */;
			buildSettings = {
				ALWAYS_EMBED_SWIFT_STANDARD_LIBRARIES = YES;
				CODE_SIGN_STYLE = Automatic;
				DEVELOPMENT_TEAM = AMWCLA9HG3;
				INFOPLIST_FILE = TimehopChallengeUITests/Info.plist;
				LD_RUNPATH_SEARCH_PATHS = (
					"$(inherited)",
					"@executable_path/Frameworks",
					"@loader_path/Frameworks",
				);
				PRODUCT_BUNDLE_IDENTIFIER = kalivos.TimehopChallengeUITests;
				PRODUCT_NAME = "$(TARGET_NAME)";
				SWIFT_VERSION = 5.0;
				TARGETED_DEVICE_FAMILY = "1,2";
				TEST_TARGET_NAME = TimehopChallenge;
			};
			name = Debug;
		};
		EB98716E2661AC200008EF45 /* Release */ = {
			isa = XCBuildConfiguration;
			baseConfigurationReference = B2212AD9120F5B2E9B8738B3 /* Pods-TimehopChallenge-TimehopChallengeUITests.release.xcconfig */;
			buildSettings = {
				ALWAYS_EMBED_SWIFT_STANDARD_LIBRARIES = YES;
				CODE_SIGN_STYLE = Automatic;
				DEVELOPMENT_TEAM = AMWCLA9HG3;
				INFOPLIST_FILE = TimehopChallengeUITests/Info.plist;
				LD_RUNPATH_SEARCH_PATHS = (
					"$(inherited)",
					"@executable_path/Frameworks",
					"@loader_path/Frameworks",
				);
				PRODUCT_BUNDLE_IDENTIFIER = kalivos.TimehopChallengeUITests;
				PRODUCT_NAME = "$(TARGET_NAME)";
				SWIFT_VERSION = 5.0;
				TARGETED_DEVICE_FAMILY = "1,2";
				TEST_TARGET_NAME = TimehopChallenge;
			};
			name = Release;
		};
/* End XCBuildConfiguration section */

/* Begin XCConfigurationList section */
		EB9871372661AC1F0008EF45 /* Build configuration list for PBXProject "TimehopChallenge" */ = {
			isa = XCConfigurationList;
			buildConfigurations = (
				EB9871642661AC200008EF45 /* Debug */,
				EB9871652661AC200008EF45 /* Release */,
			);
			defaultConfigurationIsVisible = 0;
			defaultConfigurationName = Release;
		};
		EB9871662661AC200008EF45 /* Build configuration list for PBXNativeTarget "TimehopChallenge" */ = {
			isa = XCConfigurationList;
			buildConfigurations = (
				EB9871672661AC200008EF45 /* Debug */,
				EB9871682661AC200008EF45 /* Release */,
			);
			defaultConfigurationIsVisible = 0;
			defaultConfigurationName = Release;
		};
		EB9871692661AC200008EF45 /* Build configuration list for PBXNativeTarget "TimehopChallengeTests" */ = {
			isa = XCConfigurationList;
			buildConfigurations = (
				EB98716A2661AC200008EF45 /* Debug */,
				EB98716B2661AC200008EF45 /* Release */,
			);
			defaultConfigurationIsVisible = 0;
			defaultConfigurationName = Release;
		};
		EB98716C2661AC200008EF45 /* Build configuration list for PBXNativeTarget "TimehopChallengeUITests" */ = {
			isa = XCConfigurationList;
			buildConfigurations = (
				EB98716D2661AC200008EF45 /* Debug */,
				EB98716E2661AC200008EF45 /* Release */,
			);
			defaultConfigurationIsVisible = 0;
			defaultConfigurationName = Release;
		};
/* End XCConfigurationList section */
	};
	rootObject = EB9871342661AC1F0008EF45 /* Project object */;
}
